Microsoft Visual Studio Solution File, Format Version 12.00
# Visual Studio 2012
Project("{FAE04EC0-301F-11D3-BF4B-00C04F79EFBC}") = "pong", "pong.csproj", "{22302FDC-7FE0-46EA-B89E-0699BFB9394C}"
EndProject
Global
	GlobalSection(SolutionConfigurationPlatforms) = preSolution
	Debug|Any CPU = Debug|Any CPU
	ExportDebug|Any CPU = ExportDebug|Any CPU
	ExportRelease|Any CPU = ExportRelease|Any CPU
	EndGlobalSection
	GlobalSection(ProjectConfigurationPlatforms) = postSolution
		{22302FDC-7FE0-46EA-B89E-0699BFB9394C}.Debug|Any CPU.ActiveCfg = Debug|Any CPU
		{22302FDC-7FE0-46EA-B89E-0699BFB9394C}.Debug|Any CPU.Build.0 = Debug|Any CPU
		{22302FDC-7FE0-46EA-B89E-0699BFB9394C}.ExportDebug|Any CPU.ActiveCfg = ExportDebug|Any CPU
		{22302FDC-7FE0-46EA-B89E-0699BFB9394C}.ExportDebug|Any CPU.Build.0 = ExportDebug|Any CPU
		{22302FDC-7FE0-46EA-B89E-0699BFB9394C}.ExportRelease|Any CPU.ActiveCfg = ExportRelease|Any CPU
		{22302FDC-7FE0-46EA-B89E-0699BFB9394C}.ExportRelease|Any CPU.Build.0 = ExportRelease|Any CPU
	EndGlobalSection
EndGlobal
